
Microsoft Visual Studio Solution File, Format Version 12.00
# Visual Studio Version 16
VisualStudioVersion = 16.0.29201.188
MinimumVisualStudioVersion = 10.0.40219.1
Project("{FAE04EC0-301F-11D3-BF4B-00C04F79EFBC}") = "MachineCodeGenerator", "MachineCodeGenerator\MachineCodeGenerator.csproj", "{93549F0E-521A-499F-8AB1-28B65C5C9A96}"
EndProject
Global
	GlobalSection(SolutionConfigurationPlatforms) = preSolution
		Debug|Any CPU = Debug|Any CPU
		Release|Any CPU = Release|Any CPU
	EndGlobalSection
	GlobalSection(ProjectConfigurationPlatforms) = postSolution
		{93549F0E-521A-499F-8AB1-28B65C5C9A96}.Debug|Any CPU.ActiveCfg = Debug|Any CPU
		{93549F0E-521A-499F-8AB1-28B65C5C9A96}.Debug|Any CPU.Build.0 = Debug|Any CPU
		{93549F0E-521A-499F-8AB1-28B65C5C9A96}.Release|Any CPU.ActiveCfg = Release|Any CPU
		{93549F0E-521A-499F-8AB1-28B65C5C9A96}.Release|Any CPU.Build.0 = Release|Any CPU
	EndGlobalSection
	GlobalSection(SolutionProperties) = preSolution
		HideSolutionNode = FALSE
	EndGlobalSection
	GlobalSection(ExtensibilityGlobals) = postSolution
		SolutionGuid = {BCB49902-955A-46C0-AD4A-49F78FBD1864}
	EndGlobalSection
EndGlobal
